
Microsoft Visual Studio Solution File, Format Version 12.00
# Visual Studio Version 17
VisualStudioVersion = 17.7.34031.279
MinimumVisualStudioVersion = 10.0.40219.1
Project("{8BC9CEB8-8B4A-11D0-8D11-00A0C91BC942}") = "6.1(rec)", "6.1(rec)\6.1(rec).vcxproj", "{5D89C318-738E-4730-B64C-9DBCE5936071}"
EndProject
Project("{8BC9CEB8-8B4A-11D0-8D11-00A0C91BC942}") = "UnitTest1", "UnitTest1\UnitTest1.vcxproj", "{C718F87F-C733-49B8-BC92-42E5DABEDDDC}"
EndProject
Global
	GlobalSection(SolutionConfigurationPlatforms) = preSolution
		Debug|x64 = Debug|x64
		Debug|x86 = Debug|x86
		Release|x64 = Release|x64
		Release|x86 = Release|x86
	EndGlobalSection
	GlobalSection(ProjectConfigurationPlatforms) = postSolution
		{5D89C318-738E-4730-B64C-9DBCE5936071}.Debug|x64.ActiveCfg = Debug|x64
		{5D89C318-738E-4730-B64C-9DBCE5936071}.Debug|x64.Build.0 = Debug|x64
		{5D89C318-738E-4730-B64C-9DBCE5936071}.Debug|x86.ActiveCfg = Debug|Win32
		{5D89C318-738E-4730-B64C-9DBCE5936071}.Debug|x86.Build.0 = Debug|Win32
		{5D89C318-738E-4730-B64C-9DBCE5936071}.Release|x64.ActiveCfg = Release|x64
		{5D89C318-738E-4730-B64C-9DBCE5936071}.Release|x64.Build.0 = Release|x64
		{5D89C318-738E-4730-B64C-9DBCE5936071}.Release|x86.ActiveCfg = Release|Win32
		{5D89C318-738E-4730-B64C-9DBCE5936071}.Release|x86.Build.0 = Release|Win32
		{C718F87F-C733-49B8-BC92-42E5DABEDDDC}.Debug|x64.ActiveCfg = Debug|x64
		{C718F87F-C733-49B8-BC92-42E5DABEDDDC}.Debug|x64.Build.0 = Debug|x64
		{C718F87F-C733-49B8-BC92-42E5DABEDDDC}.Debug|x86.ActiveCfg = Debug|Win32
		{C718F87F-C733-49B8-BC92-42E5DABEDDDC}.Debug|x86.Build.0 = Debug|Win32
		{C718F87F-C733-49B8-BC92-42E5DABEDDDC}.Release|x64.ActiveCfg = Release|x64
		{C718F87F-C733-49B8-BC92-42E5DABEDDDC}.Release|x64.Build.0 = Release|x64
		{C718F87F-C733-49B8-BC92-42E5DABEDDDC}.Release|x86.ActiveCfg = Release|Win32
		{C718F87F-C733-49B8-BC92-42E5DABEDDDC}.Release|x86.Build.0 = Release|Win32
	EndGlobalSection
	GlobalSection(SolutionProperties) = preSolution
		HideSolutionNode = FALSE
	EndGlobalSection
	GlobalSection(ExtensibilityGlobals) = postSolution
		SolutionGuid = {37E36E2D-9FCE-4EEA-BCEF-3C696F498D4E}
	EndGlobalSection
EndGlobal
